// !$*UTF8*$!
{
	archiveVersion = 1;
	classes = {
	};
	objectVersion = 56;
	objects = {

/* Begin PBXBuildFile section */
		557574F62BEA34AC00C8C6D7 /* AppDelegate.swift in Sources */ = {isa = PBXBuildFile; fileRef = 557574F52BEA34AC00C8C6D7 /* AppDelegate.swift */; };
		557574F82BEA34AC00C8C6D7 /* SceneDelegate.swift in Sources */ = {isa = PBXBuildFile; fileRef = 557574F72BEA34AC00C8C6D7 /* SceneDelegate.swift */; };
		557574FD2BEA34AC00C8C6D7 /* Base in Resources */ = {isa = PBXBuildFile; fileRef = 557574FC2BEA34AC00C8C6D7 /* Base */; };
		557574FF2BEA34AD00C8C6D7 /* Assets.xcassets in Resources */ = {isa = PBXBuildFile; fileRef = 557574FE2BEA34AD00C8C6D7 /* Assets.xcassets */; };
		557575022BEA34AD00C8C6D7 /* Base in Resources */ = {isa = PBXBuildFile; fileRef = 557575012BEA34AD00C8C6D7 /* Base */; };
		5575750A2BEA376100C8C6D7 /* Member.swift in Sources */ = {isa = PBXBuildFile; fileRef = 557575092BEA376100C8C6D7 /* Member.swift */; };
		5575750C2BEA37E600C8C6D7 /* MemberTableViewController.swift in Sources */ = {isa = PBXBuildFile; fileRef = 5575750B2BEA37E600C8C6D7 /* MemberTableViewController.swift */; };
		557575112BEA3AD000C8C6D7 /* AddMemberViewController.swift in Sources */ = {isa = PBXBuildFile; fileRef = 557575102BEA3AD000C8C6D7 /* AddMemberViewController.swift */; };
		557575132BEA3F8400C8C6D7 /* MemberDetailViewController.swift in Sources */ = {isa = PBXBuildFile; fileRef = 557575122BEA3F8400C8C6D7 /* MemberDetailViewController.swift */; };
		557575162BEA483E00C8C6D7 /* CalendarViewController.swift in Sources */ = {isa = PBXBuildFile; fileRef = 557575152BEA483E00C8C6D7 /* CalendarViewController.swift */; };
/* End PBXBuildFile section */

/* Begin PBXFileReference section */
		557574F22BEA34AC00C8C6D7 /* StudyDiary.app */ = {isa = PBXFileReference; explicitFileType = wrapper.application; includeInIndex = 0; path = StudyDiary.app; sourceTree = BUILT_PRODUCTS_DIR; };
		557574F52BEA34AC00C8C6D7 /* AppDelegate.swift */ = {isa = PBXFileReference; lastKnownFileType = sourcecode.swift; path = AppDelegate.swift; sourceTree = "<group>"; };
		557574F72BEA34AC00C8C6D7 /* SceneDelegate.swift */ = {isa = PBXFileReference; lastKnownFileType = sourcecode.swift; path = SceneDelegate.swift; sourceTree = "<group>"; };
		557574FC2BEA34AC00C8C6D7 /* Base */ = {isa = PBXFileReference; lastKnownFileType = file.storyboard; name = Base; path = Base.lproj/Main.storyboard; sourceTree = "<group>"; };
		557574FE2BEA34AD00C8C6D7 /* Assets.xcassets */ = {isa = PBXFileReference; lastKnownFileType = folder.assetcatalog; path = Assets.xcassets; sourceTree = "<group>"; };
		557575012BEA34AD00C8C6D7 /* Base */ = {isa = PBXFileReference; lastKnownFileType = file.storyboard; name = Base; path = Base.lproj/LaunchScreen.storyboard; sourceTree = "<group>"; };
		557575032BEA34AD00C8C6D7 /* Info.plist */ = {isa = PBXFileReference; lastKnownFileType = text.plist.xml; path = Info.plist; sourceTree = "<group>"; };
		557575092BEA376100C8C6D7 /* Member.swift */ = {isa = PBXFileReference; lastKnownFileType = sourcecode.swift; path = Member.swift; sourceTree = "<group>"; };
		5575750B2BEA37E600C8C6D7 /* MemberTableViewController.swift */ = {isa = PBXFileReference; lastKnownFileType = sourcecode.swift; path = MemberTableViewController.swift; sourceTree = "<group>"; };
		557575102BEA3AD000C8C6D7 /* AddMemberViewController.swift */ = {isa = PBXFileReference; lastKnownFileType = sourcecode.swift; name = AddMemberViewController.swift; path = StudyDiary/ViewController/AddMemberViewController.swift; sourceTree = SOURCE_ROOT; };
		557575122BEA3F8400C8C6D7 /* MemberDetailViewController.swift */ = {isa = PBXFileReference; lastKnownFileType = sourcecode.swift; path = MemberDetailViewController.swift; sourceTree = "<group>"; };
		557575152BEA483E00C8C6D7 /* CalendarViewController.swift */ = {isa = PBXFileReference; lastKnownFileType = sourcecode.swift; path = CalendarViewController.swift; sourceTree = "<group>"; };
/* End PBXFileReference section */

/* Begin PBXFrameworksBuildPhase section */
		557574EF2BEA34AC00C8C6D7 /* Frameworks */ = {
			isa = PBXFrameworksBuildPhase;
			buildActionMask = 2147483647;
			files = (
			);
			runOnlyForDeploymentPostprocessing = 0;
		};
/* End PBXFrameworksBuildPhase section */

/* Begin PBXGroup section */
		557574E92BEA34AC00C8C6D7 = {
			isa = PBXGroup;
			children = (
				557574F42BEA34AC00C8C6D7 /* StudyDiary */,
				557574F32BEA34AC00C8C6D7 /* Products */,
			);
			sourceTree = "<group>";
		};
		557574F32BEA34AC00C8C6D7 /* Products */ = {
			isa = PBXGroup;
			children = (
				557574F22BEA34AC00C8C6D7 /* StudyDiary.app */,
			);
			name = Products;
			sourceTree = "<group>";
		};
		557574F42BEA34AC00C8C6D7 /* StudyDiary */ = {
			isa = PBXGroup;
			children = (
				5575750D2BEA37EF00C8C6D7 /* Delegate */,
				557574FB2BEA34AC00C8C6D7 /* Main.storyboard */,
				5575750E2BEA37F900C8C6D7 /* Model */,
				5575750F2BEA37FF00C8C6D7 /* ViewController */,
				557574FE2BEA34AD00C8C6D7 /* Assets.xcassets */,
				557575002BEA34AD00C8C6D7 /* LaunchScreen.storyboard */,
				557575032BEA34AD00C8C6D7 /* Info.plist */,
			);
			path = StudyDiary;
			sourceTree = "<group>";
		};
		5575750D2BEA37EF00C8C6D7 /* Delegate */ = {
			isa = PBXGroup;
			children = (
				557574F52BEA34AC00C8C6D7 /* AppDelegate.swift */,
				557574F72BEA34AC00C8C6D7 /* SceneDelegate.swift */,
			);
			path = Delegate;
			sourceTree = "<group>";
		};
		5575750E2BEA37F900C8C6D7 /* Model */ = {
			isa = PBXGroup;
			children = (
				557575092BEA376100C8C6D7 /* Member.swift */,
			);
			path = Model;
			sourceTree = "<group>";
		};
		5575750F2BEA37FF00C8C6D7 /* ViewController */ = {
			isa = PBXGroup;
			children = (
				557575102BEA3AD000C8C6D7 /* AddMemberViewController.swift */,
				557575152BEA483E00C8C6D7 /* CalendarViewController.swift */,
				557575122BEA3F8400C8C6D7 /* MemberDetailViewController.swift */,
				5575750B2BEA37E600C8C6D7 /* MemberTableViewController.swift */,
			);
			path = ViewController;
			sourceTree = "<group>";
		};
/* End PBXGroup section */

/* Begin PBXNativeTarget section */
		557574F12BEA34AC00C8C6D7 /* StudyDiary */ = {
			isa = PBXNativeTarget;
			buildConfigurationList = 557575062BEA34AD00C8C6D7 /* Build configuration list for PBXNativeTarget "StudyDiary" */;
			buildPhases = (
				557574EE2BEA34AC00C8C6D7 /* Sources */,
				557574EF2BEA34AC00C8C6D7 /* Frameworks */,
				557574F02BEA34AC00C8C6D7 /* Resources */,
			);
			buildRules = (
			);
			dependencies = (
			);
			name = StudyDiary;
			productName = StudyDiary;
			productReference = 557574F22BEA34AC00C8C6D7 /* StudyDiary.app */;
			productType = "com.apple.product-type.application";
		};
/* End PBXNativeTarget section */

/* Begin PBXProject section */
		557574EA2BEA34AC00C8C6D7 /* Project object */ = {
			isa = PBXProject;
			attributes = {
				BuildIndependentTargetsInParallel = 1;
				LastSwiftUpdateCheck = 1530;
				LastUpgradeCheck = 1530;
				TargetAttributes = {
					557574F12BEA34AC00C8C6D7 = {
						CreatedOnToolsVersion = 15.3;
					};
				};
			};
			buildConfigurationList = 557574ED2BEA34AC00C8C6D7 /* Build configuration list for PBXProject "StudyDiary" */;
			compatibilityVersion = "Xcode 14.0";
			developmentRegion = en;
			hasScannedForEncodings = 0;
			knownRegions = (
				en,
				Base,
			);
			mainGroup = 557574E92BEA34AC00C8C6D7;
			packageReferences = (
			);
			productRefGroup = 557574F32BEA34AC00C8C6D7 /* Products */;
			projectDirPath = "";
			projectRoot = "";
			targets = (
				557574F12BEA34AC00C8C6D7 /* StudyDiary */,
			);
		};
/* End PBXProject section */

/* Begin PBXResourcesBuildPhase section */
		557574F02BEA34AC00C8C6D7 /* Resources */ = {
			isa = PBXResourcesBuildPhase;
			buildActionMask = 2147483647;
			files = (
				557574FF2BEA34AD00C8C6D7 /* Assets.xcassets in Resources */,
				557575022BEA34AD00C8C6D7 /* Base in Resources */,
				557574FD2BEA34AC00C8C6D7 /* Base in Resources */,
			);
			runOnlyForDeploymentPostprocessing = 0;
		};
/* End PBXResourcesBuildPhase section */

/* Begin PBXSourcesBuildPhase section */
		557574EE2BEA34AC00C8C6D7 /* Sources */ = {
			isa = PBXSourcesBuildPhase;
			buildActionMask = 2147483647;
			files = (
				557574F62BEA34AC00C8C6D7 /* AppDelegate.swift in Sources */,
				5575750C2BEA37E600C8C6D7 /* MemberTableViewController.swift in Sources */,
				557575112BEA3AD000C8C6D7 /* AddMemberViewController.swift in Sources */,
				557574F82BEA34AC00C8C6D7 /* SceneDelegate.swift in Sources */,
				557575132BEA3F8400C8C6D7 /* MemberDetailViewController.swift in Sources */,
				557575162BEA483E00C8C6D7 /* CalendarViewController.swift in Sources */,
				5575750A2BEA376100C8C6D7 /* Member.swift in Sources */,
			);
			runOnlyForDeploymentPostprocessing = 0;
		};
/* End PBXSourcesBuildPhase section */

/* Begin PBXVariantGroup section */
		557574FB2BEA34AC00C8C6D7 /* Main.storyboard */ = {
			isa = PBXVariantGroup;
			children = (
				557574FC2BEA34AC00C8C6D7 /* Base */,
			);
			name = Main.storyboard;
			sourceTree = "<group>";
		};
		557575002BEA34AD00C8C6D7 /* LaunchScreen.storyboard */ = {
			isa = PBXVariantGroup;
			children = (
				557575012BEA34AD00C8C6D7 /* Base */,
			);
			name = LaunchScreen.storyboard;
			sourceTree = "<group>";
		};
/* End PBXVariantGroup section */

/* Begin XCBuildConfiguration section */
		557575042BEA34AD00C8C6D7 /* Debug */ = {
			isa = XCBuildConfiguration;
			buildSettings = {
				ALWAYS_SEARCH_USER_PATHS = NO;
				ASSETCATALOG_COMPILER_GENERATE_SWIFT_ASSET_SYMBOL_EXTENSIONS = YES;
				CLANG_ANALYZER_NONNULL = YES;
				CLANG_ANALYZER_NUMBER_OBJECT_CONVERSION = YES_AGGRESSIVE;
				CLANG_CXX_LANGUAGE_STANDARD = "gnu++20";
				CLANG_ENABLE_MODULES = YES;
				CLANG_ENABLE_OBJC_ARC = YES;
				CLANG_ENABLE_OBJC_WEAK = YES;
				CLANG_WARN_BLOCK_CAPTURE_AUTORELEASING = YES;
				CLANG_WARN_BOOL_CONVERSION = YES;
				CLANG_WARN_COMMA = YES;
				CLANG_WARN_CONSTANT_CONVERSION = YES;
				CLANG_WARN_DEPRECATED_OBJC_IMPLEMENTATIONS = YES;
				CLANG_WARN_DIRECT_OBJC_ISA_USAGE = YES_ERROR;
				CLANG_WARN_DOCUMENTATION_COMMENTS = YES;
				CLANG_WARN_EMPTY_BODY = YES;
				CLANG_WARN_ENUM_CONVERSION = YES;
				CLANG_WARN_INFINITE_RECURSION = YES;
				CLANG_WARN_INT_CONVERSION = YES;
				CLANG_WARN_NON_LITERAL_NULL_CONVERSION = YES;
				CLANG_WARN_OBJC_IMPLICIT_RETAIN_SELF = YES;
				CLANG_WARN_OBJC_LITERAL_CONVERSION = YES;
				CLANG_WARN_OBJC_ROOT_CLASS = YES_ERROR;
				CLANG_WARN_QUOTED_INCLUDE_IN_FRAMEWORK_HEADER = YES;
				CLANG_WARN_RANGE_LOOP_ANALYSIS = YES;
				CLANG_WARN_STRICT_PROTOTYPES = YES;
				CLANG_WARN_SUSPICIOUS_MOVE = YES;
				CLANG_WARN_UNGUARDED_AVAILABILITY = YES_AGGRESSIVE;
				CLANG_WARN_UNREACHABLE_CODE = YES;
				CLANG_WARN__DUPLICATE_METHOD_MATCH = YES;
				COPY_PHASE_STRIP = NO;
				DEBUG_INFORMATION_FORMAT = dwarf;
				ENABLE_STRICT_OBJC_MSGSEND = YES;
				ENABLE_TESTABILITY = YES;
				ENABLE_USER_SCRIPT_SANDBOXING = YES;
				GCC_C_LANGUAGE_STANDARD = gnu17;
				GCC_DYNAMIC_NO_PIC = NO;
				GCC_NO_COMMON_BLOCKS = YES;
				GCC_OPTIMIZATION_LEVEL = 0;
				GCC_PREPROCESSOR_DEFINITIONS = (
					"DEBUG=1",
					"$(inherited)",
				);
				GCC_WARN_64_TO_32_BIT_CONVERSION = YES;
				GCC_WARN_ABOUT_RETURN_TYPE = YES_ERROR;
				GCC_WARN_UNDECLARED_SELECTOR = YES;
				GCC_WARN_UNINITIALIZED_AUTOS = YES_AGGRESSIVE;
				GCC_WARN_UNUSED_FUNCTION = YES;
				GCC_WARN_UNUSED_VARIABLE = YES;
				IPHONEOS_DEPLOYMENT_TARGET = 17.4;
				LOCALIZATION_PREFERS_STRING_CATALOGS = YES;
				MTL_ENABLE_DEBUG_INFO = INCLUDE_SOURCE;
				MTL_FAST_MATH = YES;
				ONLY_ACTIVE_ARCH = YES;
				SDKROOT = iphoneos;
				SWIFT_ACTIVE_COMPILATION_CONDITIONS = "DEBUG $(inherited)";
				SWIFT_OPTIMIZATION_LEVEL = "-Onone";
			};
			name = Debug;
		};
		557575052BEA34AD00C8C6D7 /* Release */ = {
			isa = XCBuildConfiguration;
			buildSettings = {
				ALWAYS_SEARCH_USER_PATHS = NO;
				ASSETCATALOG_COMPILER_GENERATE_SWIFT_ASSET_SYMBOL_EXTENSIONS = YES;
				CLANG_ANALYZER_NONNULL = YES;
				CLANG_ANALYZER_NUMBER_OBJECT_CONVERSION = YES_AGGRESSIVE;
				CLANG_CXX_LANGUAGE_STANDARD = "gnu++20";
				CLANG_ENABLE_MODULES = YES;
				CLANG_ENABLE_OBJC_ARC = YES;
				CLANG_ENABLE_OBJC_WEAK = YES;
				CLANG_WARN_BLOCK_CAPTURE_AUTORELEASING = YES;
				CLANG_WARN_BOOL_CONVERSION = YES;
				CLANG_WARN_COMMA = YES;
				CLANG_WARN_CONSTANT_CONVERSION = YES;
				CLANG_WARN_DEPRECATED_OBJC_IMPLEMENTATIONS = YES;
				CLANG_WARN_DIRECT_OBJC_ISA_USAGE = YES_ERROR;
				CLANG_WARN_DOCUMENTATION_COMMENTS = YES;
				CLANG_WARN_EMPTY_BODY = YES;
				CLANG_WARN_ENUM_CONVERSION = YES;
				CLANG_WARN_INFINITE_RECURSION = YES;
				CLANG_WARN_INT_CONVERSION = YES;
				CLANG_WARN_NON_LITERAL_NULL_CONVERSION = YES;
				CLANG_WARN_OBJC_IMPLICIT_RETAIN_SELF = YES;
				CLANG_WARN_OBJC_LITERAL_CONVERSION = YES;
				CLANG_WARN_OBJC_ROOT_CLASS = YES_ERROR;
				CLANG_WARN_QUOTED_INCLUDE_IN_FRAMEWORK_HEADER = YES;
				CLANG_WARN_RANGE_LOOP_ANALYSIS = YES;
				CLANG_WARN_STRICT_PROTOTYPES = YES;
				CLANG_WARN_SUSPICIOUS_MOVE = YES;
				CLANG_WARN_UNGUARDED_AVAILABILITY = YES_AGGRESSIVE;
				CLANG_WARN_UNREACHABLE_CODE = YES;
				CLANG_WARN__DUPLICATE_METHOD_MATCH = YES;
				COPY_PHASE_STRIP = NO;
				DEBUG_INFORMATION_FORMAT = "dwarf-with-dsym";
				ENABLE_NS_ASSERTIONS = NO;
				ENABLE_STRICT_OBJC_MSGSEND = YES;
				ENABLE_USER_SCRIPT_SANDBOXING = YES;
				GCC_C_LANGUAGE_STANDARD = gnu17;
				GCC_NO_COMMON_BLOCKS = YES;
				GCC_WARN_64_TO_32_BIT_CONVERSION = YES;
				GCC_WARN_ABOUT_RETURN_TYPE = YES_ERROR;
				GCC_WARN_UNDECLARED_SELECTOR = YES;
				GCC_WARN_UNINITIALIZED_AUTOS = YES_AGGRESSIVE;
				GCC_WARN_UNUSED_FUNCTION = YES;
				GCC_WARN_UNUSED_VARIABLE = YES;
				IPHONEOS_DEPLOYMENT_TARGET = 17.4;
				LOCALIZATION_PREFERS_STRING_CATALOGS = YES;
				MTL_ENABLE_DEBUG_INFO = NO;
				MTL_FAST_MATH = YES;
				SDKROOT = iphoneos;
				SWIFT_COMPILATION_MODE = wholemodule;
				VALIDATE_PRODUCT = YES;
			};
			name = Release;
		};
		557575072BEA34AD00C8C6D7 /* Debug */ = {
			isa = XCBuildConfiguration;
			buildSettings = {
				ASSETCATALOG_COMPILER_APPICON_NAME = AppIcon;
				ASSETCATALOG_COMPILER_GLOBAL_ACCENT_COLOR_NAME = AccentColor;
				CODE_SIGN_STYLE = Automatic;
				CURRENT_PROJECT_VERSION = 1;
				GENERATE_INFOPLIST_FILE = YES;
				INFOPLIST_FILE = StudyDiary/Info.plist;
				INFOPLIST_KEY_UIApplicationSupportsIndirectInputEvents = YES;
				INFOPLIST_KEY_UILaunchStoryboardName = LaunchScreen;
				INFOPLIST_KEY_UIMainStoryboardFile = Main;
				INFOPLIST_KEY_UISupportedInterfaceOrientations_iPad = "UIInterfaceOrientationPortrait UIInterfaceOrientationPortraitUpsideDown UIInterfaceOrientationLandscapeLeft UIInterfaceOrientationLandscapeRight";
				INFOPLIST_KEY_UISupportedInterfaceOrientations_iPhone = "UIInterfaceOrientationPortrait UIInterfaceOrientationLandscapeLeft UIInterfaceOrientationLandscapeRight";
				LD_RUNPATH_SEARCH_PATHS = (
					"$(inherited)",
					"@executable_path/Frameworks",
				);
				MARKETING_VERSION = 1.0;
				PRODUCT_BUNDLE_IDENTIFIER = org.kibwa.subeen.StudyDiary;
				PRODUCT_NAME = "$(TARGET_NAME)";
				SWIFT_EMIT_LOC_STRINGS = YES;
				SWIFT_VERSION = 5.0;
				TARGETED_DEVICE_FAMILY = "1,2";
			};
			name = Debug;
		};
		557575082BEA34AD00C8C6D7 /* Release */ = {
			isa = XCBuildConfiguration;
			buildSettings = {
				ASSETCATALOG_COMPILER_APPICON_NAME = AppIcon;
				ASSETCATALOG_COMPILER_GLOBAL_ACCENT_COLOR_NAME = AccentColor;
				CODE_SIGN_STYLE = Automatic;
				CURRENT_PROJECT_VERSION = 1;
				GENERATE_INFOPLIST_FILE = YES;
				INFOPLIST_FILE = StudyDiary/Info.plist;
				INFOPLIST_KEY_UIApplicationSupportsIndirectInputEvents = YES;
				INFOPLIST_KEY_UILaunchStoryboardName = LaunchScreen;
				INFOPLIST_KEY_UIMainStoryboardFile = Main;
				INFOPLIST_KEY_UISupportedInterfaceOrientations_iPad = "UIInterfaceOrientationPortrait UIInterfaceOrientationPortraitUpsideDown UIInterfaceOrientationLandscapeLeft UIInterfaceOrientationLandscapeRight";
				INFOPLIST_KEY_UISupportedInterfaceOrientations_iPhone = "UIInterfaceOrientationPortrait UIInterfaceOrientationLandscapeLeft UIInterfaceOrientationLandscapeRight";
				LD_RUNPATH_SEARCH_PATHS = (
					"$(inherited)",
					"@executable_path/Frameworks",
				);
				MARKETING_VERSION = 1.0;
				PRODUCT_BUNDLE_IDENTIFIER = org.kibwa.subeen.StudyDiary;
				PRODUCT_NAME = "$(TARGET_NAME)";
				SWIFT_EMIT_LOC_STRINGS = YES;
				SWIFT_VERSION = 5.0;
				TARGETED_DEVICE_FAMILY = "1,2";
			};
			name = Release;
		};
/* End XCBuildConfiguration section */

/* Begin XCConfigurationList section */
		557574ED2BEA34AC00C8C6D7 /* Build configuration list for PBXProject "StudyDiary" */ = {
			isa = XCConfigurationList;
			buildConfigurations = (
				557575042BEA34AD00C8C6D7 /* Debug */,
				557575052BEA34AD00C8C6D7 /* Release */,
			);
			defaultConfigurationIsVisible = 0;
			defaultConfigurationName = Release;
		};
		557575062BEA34AD00C8C6D7 /* Build configuration list for PBXNativeTarget "StudyDiary" */ = {
			isa = XCConfigurationList;
			buildConfigurations = (
				557575072BEA34AD00C8C6D7 /* Debug */,
				557575082BEA34AD00C8C6D7 /* Release */,
			);
			defaultConfigurationIsVisible = 0;
			defaultConfigurationName = Release;
		};
/* End XCConfigurationList section */
	};
	rootObject = 557574EA2BEA34AC00C8C6D7 /* Project object */;
}
